prepare:
  cmd: python3 src/prepare.py
  deps:
  - path: data/raw
    md5: 5a8ece032bc886fa7c7e29ad316955f0.dir
  - path: src/prepare.py
    md5: ef804f358e00edcfe52c865b471f8f55
  outs:
  - path: data/prepared/test.csv
    md5: 63a0fdbf5304aedd8ea23da33bbe91fb
  - path: data/prepared/train.csv
    md5: 1b71edf205163f7294ea211c882aef4d
train:
  cmd: python src/train.py
  deps:
  - path: data/prepared/train.csv
    md5: 1b71edf205163f7294ea211c882aef4d
  - path: src/train.py
    md5: 8afd0b487365179d1b8bcca7e57a64cd
  outs:
  - path: model/model.joblib
    md5: 775763b0809839e2b96cc115f3427f57
evaluate:
  cmd: python src/evaluate.py
  deps:
  - path: model/model.joblib
    md5: 775763b0809839e2b96cc115f3427f57
  - path: src/evaluate.py
    md5: b197277667d6269271fff4ae4af8a941
  outs:
  - path: metrics/accuracy.json
    md5: a174ad9286f4effe79c3cd6c860e448f
